
Microsoft Visual Studio Solution File, Format Version 12.00
# Visual Studio 15
VisualStudioVersion = 15.0.28307.168
MinimumVisualStudioVersion = 10.0.40219.1
Project("{9A19103F-16F7-4668-BE54-9A1E7A4F7556}") = "lunge.Library", "..\lunge\Source\lunge.Library\lunge.Library.csproj", "{F87A20BB-2F2B-4579-88D5-097B613EF791}"
EndProject
Project("{9A19103F-16F7-4668-BE54-9A1E7A4F7556}") = "BeatTheNotes", "BeatTheNotes\BeatTheNotes.csproj", "{0CC45EAE-6534-4343-8DA9-5FB9734C0832}"
EndProject
Project("{2150E333-8FDC-42A3-9474-1A3956D46DE8}") = "Lib", "Lib", "{2CD4C2FC-7349-4DE3-9276-3BD419E6B7C5}"
EndProject
Global
	GlobalSection(SolutionConfigurationPlatforms) = preSolution
		Debug|Any CPU = Debug|Any CPU
		Release|Any CPU = Release|Any CPU
	EndGlobalSection
	GlobalSection(ProjectConfigurationPlatforms) = postSolution
		{F87A20BB-2F2B-4579-88D5-097B613EF791}.Debug|Any CPU.ActiveCfg = Debug|Any CPU
		{F87A20BB-2F2B-4579-88D5-097B613EF791}.Debug|Any CPU.Build.0 = Debug|Any CPU
		{F87A20BB-2F2B-4579-88D5-097B613EF791}.Release|Any CPU.ActiveCfg = Release|Any CPU
		{F87A20BB-2F2B-4579-88D5-097B613EF791}.Release|Any CPU.Build.0 = Release|Any CPU
		{0CC45EAE-6534-4343-8DA9-5FB9734C0832}.Debug|Any CPU.ActiveCfg = Debug|Any CPU
		{0CC45EAE-6534-4343-8DA9-5FB9734C0832}.Debug|Any CPU.Build.0 = Debug|Any CPU
		{0CC45EAE-6534-4343-8DA9-5FB9734C0832}.Release|Any CPU.ActiveCfg = Release|Any CPU
		{0CC45EAE-6534-4343-8DA9-5FB9734C0832}.Release|Any CPU.Build.0 = Release|Any CPU
	EndGlobalSection
	GlobalSection(SolutionProperties) = preSolution
		HideSolutionNode = FALSE
	EndGlobalSection
	GlobalSection(NestedProjects) = preSolution
		{F87A20BB-2F2B-4579-88D5-097B613EF791} = {2CD4C2FC-7349-4DE3-9276-3BD419E6B7C5}
	EndGlobalSection
	GlobalSection(ExtensibilityGlobals) = postSolution
		SolutionGuid = {24051B36-7333-460E-9702-0CD7570293A9}
	EndGlobalSection
EndGlobal
