
Microsoft Visual Studio Solution File, Format Version 12.00
# Visual Studio 15
VisualStudioVersion = 15.0.27130.2010
MinimumVisualStudioVersion = 10.0.40219.1
Project("{D954291E-2A0B-460D-934E-DC6B0785DB48}") = "Jackhammer", "Jackhammer\Jackhammer.shproj", "{A0CDBD0E-3A41-42B7-9425-A838BC2C7383}"
EndProject
Project("{FAE04EC0-301F-11D3-BF4B-00C04F79EFBC}") = "Jackhammer.DesktopGL", "Jackhammer.DesktopGL\Jackhammer.DesktopGL.csproj", "{896E067F-4C45-46BC-ADF5-D7E879FD6FBC}"
EndProject
Global
	GlobalSection(SharedMSBuildProjectFiles) = preSolution
		Jackhammer\Jackhammer.projitems*{896e067f-4c45-46bc-adf5-d7e879fd6fbc}*SharedItemsImports = 4
		Jackhammer\Jackhammer.projitems*{a0cdbd0e-3a41-42b7-9425-a838bc2c7383}*SharedItemsImports = 13
	EndGlobalSection
	GlobalSection(SolutionConfigurationPlatforms) = preSolution
		Debug|Any CPU = Debug|Any CPU
		Release|Any CPU = Release|Any CPU
	EndGlobalSection
	GlobalSection(ProjectConfigurationPlatforms) = postSolution
		{896E067F-4C45-46BC-ADF5-D7E879FD6FBC}.Debug|Any CPU.ActiveCfg = Debug|Any CPU
		{896E067F-4C45-46BC-ADF5-D7E879FD6FBC}.Debug|Any CPU.Build.0 = Debug|Any CPU
		{896E067F-4C45-46BC-ADF5-D7E879FD6FBC}.Release|Any CPU.ActiveCfg = Release|Any CPU
		{896E067F-4C45-46BC-ADF5-D7E879FD6FBC}.Release|Any CPU.Build.0 = Release|Any CPU
	EndGlobalSection
	GlobalSection(SolutionProperties) = preSolution
		HideSolutionNode = FALSE
	EndGlobalSection
	GlobalSection(ExtensibilityGlobals) = postSolution
		SolutionGuid = {B3706F3D-3F72-4662-8A85-413857E43D27}
	EndGlobalSection
EndGlobal
