
Microsoft Visual Studio Solution File, Format Version 12.00
# Visual Studio 15
VisualStudioVersion = 15.0.27130.2010
MinimumVisualStudioVersion = 10.0.40219.1
Project("{D954291E-2A0B-460D-934E-DC6B0785DB48}") = "Jackhammer", "Jackhammer\Jackhammer.shproj", "{A0CDBD0E-3A41-42B7-9425-A838BC2C7383}"
EndProject
Project("{FAE04EC0-301F-11D3-BF4B-00C04F79EFBC}") = "Jackhammer.DesktopGL", "Jackhammer.DesktopGL\Jackhammer.DesktopGL.csproj", "{3202BE07-66ED-4C44-AF72-C240F27EA167}"
EndProject
Project("{FAE04EC0-301F-11D3-BF4B-00C04F79EFBC}") = "SoundTouchWrapper", "SoundTouchWrapper\SoundTouchWrapper.csproj", "{926540C3-CBD2-4652-B633-DED9E9E3635D}"
EndProject
Project("{FAE04EC0-301F-11D3-BF4B-00C04F79EFBC}") = "Jackhammer.Framework", "Jackhammer.Framework\Jackhammer.Framework.csproj", "{9A16E450-C2A4-441E-8D1C-29120C6A6B03}"
EndProject
Global
	GlobalSection(SharedMSBuildProjectFiles) = preSolution
		Jackhammer\Jackhammer.projitems*{3202be07-66ed-4c44-af72-c240f27ea167}*SharedItemsImports = 4
		Jackhammer\Jackhammer.projitems*{a0cdbd0e-3a41-42b7-9425-a838bc2c7383}*SharedItemsImports = 13
	EndGlobalSection
	GlobalSection(SolutionConfigurationPlatforms) = preSolution
		Debug|Any CPU = Debug|Any CPU
		Release|Any CPU = Release|Any CPU
	EndGlobalSection
	GlobalSection(ProjectConfigurationPlatforms) = postSolution
		{3202BE07-66ED-4C44-AF72-C240F27EA167}.Debug|Any CPU.ActiveCfg = Debug|Any CPU
		{3202BE07-66ED-4C44-AF72-C240F27EA167}.Debug|Any CPU.Build.0 = Debug|Any CPU
		{3202BE07-66ED-4C44-AF72-C240F27EA167}.Release|Any CPU.ActiveCfg = Release|Any CPU
		{3202BE07-66ED-4C44-AF72-C240F27EA167}.Release|Any CPU.Build.0 = Release|Any CPU
		{926540C3-CBD2-4652-B633-DED9E9E3635D}.Debug|Any CPU.ActiveCfg = Debug|Any CPU
		{926540C3-CBD2-4652-B633-DED9E9E3635D}.Debug|Any CPU.Build.0 = Debug|Any CPU
		{926540C3-CBD2-4652-B633-DED9E9E3635D}.Release|Any CPU.ActiveCfg = Release|Any CPU
		{926540C3-CBD2-4652-B633-DED9E9E3635D}.Release|Any CPU.Build.0 = Release|Any CPU
		{9A16E450-C2A4-441E-8D1C-29120C6A6B03}.Debug|Any CPU.ActiveCfg = Debug|Any CPU
		{9A16E450-C2A4-441E-8D1C-29120C6A6B03}.Debug|Any CPU.Build.0 = Debug|Any CPU
		{9A16E450-C2A4-441E-8D1C-29120C6A6B03}.Release|Any CPU.ActiveCfg = Release|Any CPU
		{9A16E450-C2A4-441E-8D1C-29120C6A6B03}.Release|Any CPU.Build.0 = Release|Any CPU
	EndGlobalSection
	GlobalSection(SolutionProperties) = preSolution
		HideSolutionNode = FALSE
	EndGlobalSection
	GlobalSection(ExtensibilityGlobals) = postSolution
		SolutionGuid = {B3706F3D-3F72-4662-8A85-413857E43D27}
	EndGlobalSection
EndGlobal
